
Microsoft Visual Studio Solution File, Format Version 12.00
# Visual Studio Version 17
VisualStudioVersion = 17.0.32014.148
MinimumVisualStudioVersion = 10.0.40219.1
Project("{9A19103F-16F7-4668-BE54-9A1E7A4F7556}") = "BoardgameShowcase.Model", "BoardgameShowcase.Model\BoardgameShowcase.Model.csproj", "{452EC0EE-1412-401D-A822-E572196D2B72}"
EndProject
Project("{9A19103F-16F7-4668-BE54-9A1E7A4F7556}") = "BoardgameShowcase.Common", "BoardgameShowcase.Common\BoardgameShowcase.Common.csproj", "{11A12CDE-1AE9-4F29-9DC7-36E3152B4B7E}"
EndProject
Project("{9A19103F-16F7-4668-BE54-9A1E7A4F7556}") = "BoardgameShowcase.GraphQL.Server", "BoardgameShowcase.GraphQL.Server\BoardgameShowcase.GraphQL.Server.csproj", "{5627CB1D-5687-4EBF-9F78-BB0F8CD8BA52}"
EndProject
Project("{9A19103F-16F7-4668-BE54-9A1E7A4F7556}") = "BoardgameShowcase.Repository", "BoardgameShowcase.Repository\BoardgameShowcase.Repository.csproj", "{3E3A4080-47A3-41A1-93E9-B9889FF09749}"
EndProject
Project("{9A19103F-16F7-4668-BE54-9A1E7A4F7556}") = "BoardgameShowcase.Repository.InMemory", "BoardgameShowcase.Repository.InMemory\BoardgameShowcase.Repository.InMemory.csproj", "{A397ACD6-6B41-41B4-AD74-FABCEA4C85BC}"
EndProject
Project("{9A19103F-16F7-4668-BE54-9A1E7A4F7556}") = "BoardgameShowcase.Repository.InMemory.Test", "BoardgameShowcase.Repository.InMemory.Test\BoardgameShowcase.Repository.InMemory.Test.csproj", "{CB160D32-011F-477E-B9E4-06B1402DED2F}"
EndProject
Project("{9A19103F-16F7-4668-BE54-9A1E7A4F7556}") = "BoardgameShowcase.Repository.GraphQL", "BoardgameShowcase.Repository.GraphQL\BoardgameShowcase.Repository.GraphQL.csproj", "{D94BD66A-6540-43C8-BD83-A7C79DE5F641}"
EndProject
Project("{9A19103F-16F7-4668-BE54-9A1E7A4F7556}") = "BoardgameShowcase.Repository.GraphQL.Worker", "BoardgameShowcase.Repository.GraphQL.Worker\BoardgameShowcase.Repository.GraphQL.Worker.csproj", "{E2F50BFA-20A5-40EB-A118-7250D08AB509}"
EndProject
Project("{9A19103F-16F7-4668-BE54-9A1E7A4F7556}") = "BoardgameShowcase.Repository.GraphQL.Subscriber", "BoardgameShowcase.Repository.GraphQL.Subscriber\BoardgameShowcase.Repository.GraphQL.Subscriber.csproj", "{10C31551-DFE6-415F-ABC6-AEE33F469474}"
EndProject
Project("{2150E333-8FDC-42A3-9474-1A3956D46DE8}") = "Solution Items", "Solution Items", "{D1301FFA-9FDB-4545-9C89-BD3068F4BF85}"
	ProjectSection(SolutionItems) = preProject
		README.md = README.md
	EndProjectSection
EndProject
Project("{9A19103F-16F7-4668-BE54-9A1E7A4F7556}") = "BoardgameShowcase.Portal", "BoardgameShowcase.Portal\BoardgameShowcase.Portal.csproj", "{CF7CAF44-CBA8-4C54-9EEC-82142C1A5BBF}"
EndProject
Global
	GlobalSection(SolutionConfigurationPlatforms) = preSolution
		Debug|Any CPU = Debug|Any CPU
		Release|Any CPU = Release|Any CPU
	EndGlobalSection
	GlobalSection(ProjectConfigurationPlatforms) = postSolution
		{452EC0EE-1412-401D-A822-E572196D2B72}.Debug|Any CPU.ActiveCfg = Debug|Any CPU
		{452EC0EE-1412-401D-A822-E572196D2B72}.Debug|Any CPU.Build.0 = Debug|Any CPU
		{452EC0EE-1412-401D-A822-E572196D2B72}.Release|Any CPU.ActiveCfg = Release|Any CPU
		{452EC0EE-1412-401D-A822-E572196D2B72}.Release|Any CPU.Build.0 = Release|Any CPU
		{11A12CDE-1AE9-4F29-9DC7-36E3152B4B7E}.Debug|Any CPU.ActiveCfg = Debug|Any CPU
		{11A12CDE-1AE9-4F29-9DC7-36E3152B4B7E}.Debug|Any CPU.Build.0 = Debug|Any CPU
		{11A12CDE-1AE9-4F29-9DC7-36E3152B4B7E}.Release|Any CPU.ActiveCfg = Release|Any CPU
		{11A12CDE-1AE9-4F29-9DC7-36E3152B4B7E}.Release|Any CPU.Build.0 = Release|Any CPU
		{5627CB1D-5687-4EBF-9F78-BB0F8CD8BA52}.Debug|Any CPU.ActiveCfg = Debug|Any CPU
		{5627CB1D-5687-4EBF-9F78-BB0F8CD8BA52}.Debug|Any CPU.Build.0 = Debug|Any CPU
		{5627CB1D-5687-4EBF-9F78-BB0F8CD8BA52}.Release|Any CPU.ActiveCfg = Release|Any CPU
		{5627CB1D-5687-4EBF-9F78-BB0F8CD8BA52}.Release|Any CPU.Build.0 = Release|Any CPU
		{3E3A4080-47A3-41A1-93E9-B9889FF09749}.Debug|Any CPU.ActiveCfg = Debug|Any CPU
		{3E3A4080-47A3-41A1-93E9-B9889FF09749}.Debug|Any CPU.Build.0 = Debug|Any CPU
		{3E3A4080-47A3-41A1-93E9-B9889FF09749}.Release|Any CPU.ActiveCfg = Release|Any CPU
		{3E3A4080-47A3-41A1-93E9-B9889FF09749}.Release|Any CPU.Build.0 = Release|Any CPU
		{A397ACD6-6B41-41B4-AD74-FABCEA4C85BC}.Debug|Any CPU.ActiveCfg = Debug|Any CPU
		{A397ACD6-6B41-41B4-AD74-FABCEA4C85BC}.Debug|Any CPU.Build.0 = Debug|Any CPU
		{A397ACD6-6B41-41B4-AD74-FABCEA4C85BC}.Release|Any CPU.ActiveCfg = Release|Any CPU
		{A397ACD6-6B41-41B4-AD74-FABCEA4C85BC}.Release|Any CPU.Build.0 = Release|Any CPU
		{CB160D32-011F-477E-B9E4-06B1402DED2F}.Debug|Any CPU.ActiveCfg = Debug|Any CPU
		{CB160D32-011F-477E-B9E4-06B1402DED2F}.Debug|Any CPU.Build.0 = Debug|Any CPU
		{CB160D32-011F-477E-B9E4-06B1402DED2F}.Release|Any CPU.ActiveCfg = Release|Any CPU
		{CB160D32-011F-477E-B9E4-06B1402DED2F}.Release|Any CPU.Build.0 = Release|Any CPU
		{D94BD66A-6540-43C8-BD83-A7C79DE5F641}.Debug|Any CPU.ActiveCfg = Debug|Any CPU
		{D94BD66A-6540-43C8-BD83-A7C79DE5F641}.Debug|Any CPU.Build.0 = Debug|Any CPU
		{D94BD66A-6540-43C8-BD83-A7C79DE5F641}.Release|Any CPU.ActiveCfg = Release|Any CPU
		{D94BD66A-6540-43C8-BD83-A7C79DE5F641}.Release|Any CPU.Build.0 = Release|Any CPU
		{E2F50BFA-20A5-40EB-A118-7250D08AB509}.Debug|Any CPU.ActiveCfg = Debug|Any CPU
		{E2F50BFA-20A5-40EB-A118-7250D08AB509}.Debug|Any CPU.Build.0 = Debug|Any CPU
		{E2F50BFA-20A5-40EB-A118-7250D08AB509}.Release|Any CPU.ActiveCfg = Release|Any CPU
		{E2F50BFA-20A5-40EB-A118-7250D08AB509}.Release|Any CPU.Build.0 = Release|Any CPU
		{10C31551-DFE6-415F-ABC6-AEE33F469474}.Debug|Any CPU.ActiveCfg = Debug|Any CPU
		{10C31551-DFE6-415F-ABC6-AEE33F469474}.Debug|Any CPU.Build.0 = Debug|Any CPU
		{10C31551-DFE6-415F-ABC6-AEE33F469474}.Release|Any CPU.ActiveCfg = Release|Any CPU
		{10C31551-DFE6-415F-ABC6-AEE33F469474}.Release|Any CPU.Build.0 = Release|Any CPU
		{CF7CAF44-CBA8-4C54-9EEC-82142C1A5BBF}.Debug|Any CPU.ActiveCfg = Debug|Any CPU
		{CF7CAF44-CBA8-4C54-9EEC-82142C1A5BBF}.Debug|Any CPU.Build.0 = Debug|Any CPU
		{CF7CAF44-CBA8-4C54-9EEC-82142C1A5BBF}.Release|Any CPU.ActiveCfg = Release|Any CPU
		{CF7CAF44-CBA8-4C54-9EEC-82142C1A5BBF}.Release|Any CPU.Build.0 = Release|Any CPU
	EndGlobalSection
	GlobalSection(SolutionProperties) = preSolution
		HideSolutionNode = FALSE
	EndGlobalSection
	GlobalSection(ExtensibilityGlobals) = postSolution
		SolutionGuid = {ABD6EC09-7538-4AA9-A572-5F6CEB12F956}
	EndGlobalSection
EndGlobal
